{
  "name": "ckb_test",
  "version": "1.0.0",
  "lockfileVersion": 1,
  "requires": true,
  "dependencies": {
    "@nervosnetwork/ckb-sdk-address": {
      "version": "0.15.1",
      "resolved": "http://npm.byted.org/@nervosnetwork%2fckb-sdk-address/-/ckb-sdk-address-0.15.1.tgz",
      "integrity": "sha512-o/onwnAa1zgtmAhtUxgJvdmWzEMA+0FgQMmD74kkJnFsvQEWyfaqI5Oxr4AP53XEgaHHDcM1S53OVngT9cH3AQ==",
      "requires": {
        "@nervosnetwork/ckb-sdk-utils": "0.15.1",
        "@nervosnetwork/ckb-types": "0.15.1"
      }
    },
    "@nervosnetwork/ckb-sdk-core": {
      "version": "0.15.1",
      "resolved": "http://npm.byted.org/@nervosnetwork%2fckb-sdk-core/-/ckb-sdk-core-0.15.1.tgz",
      "integrity": "sha1-Fb5oQDJp7uY0qllqfUlmDjBQRQo=",
      "requires": {
        "@nervosnetwork/ckb-sdk-address": "0.15.1",
        "@nervosnetwork/ckb-sdk-rpc": "0.15.1",
        "@nervosnetwork/ckb-sdk-utils": "0.15.1",
        "@nervosnetwork/ckb-types": "0.15.1"
      }
    },
    "@nervosnetwork/ckb-sdk-rpc": {
      "version": "0.15.1",
      "resolved": "http://npm.byted.org/@nervosnetwork%2fckb-sdk-rpc/-/ckb-sdk-rpc-0.15.1.tgz",
      "integrity": "sha512-HX1hbFP2ztPMSGgCfviywrZVo7fBk/DFYhTT9b67RMJRwQk2oEInQJMxlHh6fH1ZmXpAQkEOOrACP1gsBrRXPA==",
      "requires": {
        "@nervosnetwork/ckb-sdk-utils": "0.15.1",
        "axios": "0.19.0"
      }
    },
    "@nervosnetwork/ckb-sdk-utils": {
      "version": "0.15.1",
      "resolved": "http://npm.byted.org/@nervosnetwork%2fckb-sdk-utils/-/ckb-sdk-utils-0.15.1.tgz",
      "integrity": "sha1-Pp6cXI543FsCfVLkyEiszgovfKE=",
      "requires": {
        "@nervosnetwork/ckb-types": "0.15.1",
        "blake2b-wasm": "1.1.7",
        "elliptic": "6.4.1"
      }
    },
    "@nervosnetwork/ckb-types": {
      "version": "0.15.1",
      "resolved": "http://npm.byted.org/@nervosnetwork%2fckb-types/-/ckb-types-0.15.1.tgz",
      "integrity": "sha1-95uWE8sWtzEd+Fp9gTNOAKYi934="
    },
    "async": {
      "version": "3.1.0",
      "resolved": "http://npm.byted.org/async/-/async-3.1.0.tgz",
      "integrity": "sha1-QrOxKuG3SSe1IX2MABa6r2JGN3I="
    },
    "axios": {
      "version": "0.19.0",
      "resolved": "http://npm.byted.org/axios/-/axios-0.19.0.tgz",
      "integrity": "sha1-jgm/89kSLhM/e4EByPvdAO09Krg=",
      "requires": {
        "follow-redirects": "1.5.10",
        "is-buffer": "^2.0.2"
      }
    },
    "blake2b-wasm": {
      "version": "1.1.7",
      "resolved": "http://npm.byted.org/blake2b-wasm/-/blake2b-wasm-1.1.7.tgz",
      "integrity": "sha1-5NB12hAGjl1MPsH7mszE0YbFXYE=",
      "requires": {
        "nanoassert": "^1.0.0"
      }
    },
    "bn.js": {
      "version": "4.11.8",
      "resolved": "http://npm.byted.org/bn.js/-/bn.js-4.11.8.tgz",
      "integrity": "sha1-LN4J617jQfSEdGuwMJsyU7GxRC8="
    },
    "brorand": {
      "version": "1.1.0",
      "resolved": "http://npm.byted.org/brorand/-/brorand-1.1.0.tgz",
      "integrity": "sha1-EsJe/kCkXjwyPrhnWgoM5XsiNx8="
    },
    "debug": {
      "version": "3.1.0",
      "resolved": "http://npm.byted.org/debug/-/debug-3.1.0.tgz",
      "integrity": "sha1-W7WgZyYotkFJVmuhaBnmFRjGcmE=",
      "requires": {
        "ms": "2.0.0"
      }
    },
    "elliptic": {
      "version": "6.4.1",
      "resolved": "http://npm.byted.org/elliptic/-/elliptic-6.4.1.tgz",
      "integrity": "sha1-wtC3d2kRuGcixjLDwGxg8vgZk5o=",
      "requires": {
        "bn.js": "^4.4.0",
        "brorand": "^1.0.1",
        "hash.js": "^1.0.0",
        "hmac-drbg": "^1.0.0",
        "inherits": "^2.0.1",
        "minimalistic-assert": "^1.0.0",
        "minimalistic-crypto-utils": "^1.0.0"
      }
    },
    "follow-redirects": {
      "version": "1.5.10",
      "resolved": "http://npm.byted.org/follow-redirects/-/follow-redirects-1.5.10.tgz",
      "integrity": "sha1-e3qfmuov3/NnhqlP9kPtB/T/Xio=",
      "requires": {
        "debug": "=3.1.0"
      }
    },
    "hash.js": {
      "version": "1.1.7",
      "resolved": "http://npm.byted.org/hash.js/-/hash.js-1.1.7.tgz",
      "integrity": "sha1-C6vKU46NTuSg+JiNaIZlN6ADz0I=",
      "requires": {
        "inherits": "^2.0.3",
        "minimalistic-assert": "^1.0.1"
      }
    },
    "hmac-drbg": {
      "version": "1.0.1",
      "resolved": "http://npm.byted.org/hmac-drbg/-/hmac-drbg-1.0.1.tgz",
      "integrity": "sha1-0nRXAQJabHdabFRXk+1QL8DGSaE=",
      "requires": {
        "hash.js": "^1.0.3",
        "minimalistic-assert": "^1.0.0",
        "minimalistic-crypto-utils": "^1.0.1"
      }
    },
    "inherits": {
      "version": "2.0.4",
      "resolved": "http://npm.byted.org/inherits/-/inherits-2.0.4.tgz",
      "integrity": "sha1-D6LGT5MpF8NDOg3tVTY6rjdBa3w="
    },
    "is-buffer": {
      "version": "2.0.3",
      "resolved": "http://npm.byted.org/is-buffer/-/is-buffer-2.0.3.tgz",
      "integrity": "sha1-Ts8/z3ScvR5HJonhCaxmJhol5yU="
    },
    "minimalistic-assert": {
      "version": "1.0.1",
      "resolved": "http://npm.byted.org/minimalistic-assert/-/minimalistic-assert-1.0.1.tgz",
      "integrity": "sha1-LhlN4ERibUoQ5/f7wAznPoPk1cc="
    },
    "minimalistic-crypto-utils": {
      "version": "1.0.1",
      "resolved": "http://npm.byted.org/minimalistic-crypto-utils/-/minimalistic-crypto-utils-1.0.1.tgz",
      "integrity": "sha1-9sAMHAsIIkblxNmd+4x8CDsrWCo="
    },
    "ms": {
      "version": "2.0.0",
      "resolved": "http://npm.byted.org/ms/-/ms-2.0.0.tgz",
      "integrity": "sha1-VgiurfwAvmwpAd9fmGF4jeDVl8g="
    },
    "nanoassert": {
      "version": "1.1.0",
      "resolved": "http://npm.byted.org/nanoassert/-/nanoassert-1.1.0.tgz",
      "integrity": "sha1-TzFS4JVA/eKMdvRLGbvNHVpCR40="
    }
  }
}
